{
  "name": "web-blog-backend",
  "version": "0.0.1",
  "lockfileVersion": 2,
  "requires": true,
  "packages": {
    "": {
      "name": "web-blog-backend",
      "version": "0.0.1",
      "license": "MIT",
      "dependencies": {
        "rest-library": "^0.0.8"
      }
    },
    "node_modules/rest-library": {
      "version": "0.0.8",
      "resolved": "https://registry.npmjs.org/rest-library/-/rest-library-0.0.8.tgz",
      "integrity": "sha512-nq4TPhHk8Ik+rl+lRitITDFcetUqvZVI9dlrWFVchNfQJQjkJ/MsdYfISbZZzydOanJQeuFztBXTZ47JQD2yYA==",
      "engines": {
        "node": ">=14.19.2"
      }
    }
  },
  "dependencies": {
    "rest-library": {
      "version": "0.0.8",
      "resolved": "https://registry.npmjs.org/rest-library/-/rest-library-0.0.8.tgz",
      "integrity": "sha512-nq4TPhHk8Ik+rl+lRitITDFcetUqvZVI9dlrWFVchNfQJQjkJ/MsdYfISbZZzydOanJQeuFztBXTZ47JQD2yYA=="
    }
  }
}
