{
  "name": "web-blog-backend",
  "version": "0.0.1",
  "lockfileVersion": 2,
  "requires": true,
  "packages": {
    "": {
      "name": "web-blog-backend",
      "version": "0.0.1",
      "license": "MIT",
      "dependencies": {
        "cookie": "^0.5.0",
        "rest-library": "^1.0.1",
        "uuid": "^8.3.2"
      }
    },
    "node_modules/cookie": {
      "version": "0.5.0",
      "resolved": "https://registry.npmjs.org/cookie/-/cookie-0.5.0.tgz",
      "integrity": "sha512-YZ3GUyn/o8gfKJlnlX7g7xq4gyO6OSuhGPKaaGssGB2qgDUS0gPgtTvoyZLTt9Ab6dC4hfc9dV5arkvc/OCmrw==",
      "engines": {
        "node": ">= 0.6"
      }
    },
    "node_modules/rest-library": {
      "version": "1.0.1",
      "resolved": "https://registry.npmjs.org/rest-library/-/rest-library-1.0.1.tgz",
      "integrity": "sha512-WyPKRatJqKS90XLzJNRW6tycUZlcRmpx+LRxBUCmNcyHZOciVZkgkfyGtuNy8Ta31FywmWUZFKPqU9jgQE26hg==",
      "engines": {
        "node": ">=14.19.2"
      }
    },
    "node_modules/uuid": {
      "version": "8.3.2",
      "resolved": "https://registry.npmjs.org/uuid/-/uuid-8.3.2.tgz",
      "integrity": "sha512-+NYs2QeMWy+GWFOEm9xnn6HCDp0l7QBD7ml8zLUmJ+93Q5NF0NocErnwkTkXVFNiX3/fpC6afS8Dhb/gz7R7eg==",
      "bin": {
        "uuid": "dist/bin/uuid"
      }
    }
  },
  "dependencies": {
    "cookie": {
      "version": "0.5.0",
      "resolved": "https://registry.npmjs.org/cookie/-/cookie-0.5.0.tgz",
      "integrity": "sha512-YZ3GUyn/o8gfKJlnlX7g7xq4gyO6OSuhGPKaaGssGB2qgDUS0gPgtTvoyZLTt9Ab6dC4hfc9dV5arkvc/OCmrw=="
    },
    "rest-library": {
      "version": "1.0.1",
      "resolved": "https://registry.npmjs.org/rest-library/-/rest-library-1.0.1.tgz",
      "integrity": "sha512-WyPKRatJqKS90XLzJNRW6tycUZlcRmpx+LRxBUCmNcyHZOciVZkgkfyGtuNy8Ta31FywmWUZFKPqU9jgQE26hg=="
    },
    "uuid": {
      "version": "8.3.2",
      "resolved": "https://registry.npmjs.org/uuid/-/uuid-8.3.2.tgz",
      "integrity": "sha512-+NYs2QeMWy+GWFOEm9xnn6HCDp0l7QBD7ml8zLUmJ+93Q5NF0NocErnwkTkXVFNiX3/fpC6afS8Dhb/gz7R7eg=="
    }
  }
}
